{
  "requires": true,
  "lockfileVersion": 1,
  "dependencies": {
    "fzf": {
      "version": "0.4.1",
      "resolved": "https://registry.npmjs.org/fzf/-/fzf-0.4.1.tgz",
      "integrity": "sha512-ZKnxeZqxkJlnHXE37yfqyGez45Wan99eqns5B9xzVTvF4MazXlLsOYWeyiofdCEexgzuOmYGs3g7gtlz9lGxiQ=="
    }
  }
}
